{
  "name": "dummy",
  "version": "1.0.0",
  "lockfileVersion": 3,
  "requires": true,
  "packages": {
    "": {
      "name": "dummy",
      "version": "1.0.0",
      "license": "ISC",
      "dependencies": {
        "daisyui": "^5.0.46"
      }
    },
    "node_modules/daisyui": {
      "version": "5.0.46",
      "resolved": "https://registry.npmjs.org/daisyui/-/daisyui-5.0.46.tgz",
      "integrity": "sha512-vMDZK1tI/bOb2Mc3Mk5WpquBG3ZqBz1YKZ0xDlvpOvey60dOS4/5Qhdowq1HndbQl7PgDLDYysxAjjUjwR7/eQ==",
      "funding": {
        "url": "https://github.com/saadeghi/daisyui?sponsor=1"
      }
    }
  }
}
